// !$*UTF8*$!
{
	archiveVersion = 1;
	classes = {
	};
	objectVersion = 48;
	objects = {

/* Begin PBXBuildFile section */
		55FC4E841F889AAE00AE7D35 /* AppDelegate.swift in Sources */ = {isa = PBXBuildFile; fileRef = 55FC4E831F889AAE00AE7D35 /* AppDelegate.swift */; };
		55FC4E861F889AAE00AE7D35 /* ViewController.swift in Sources */ = {isa = PBXBuildFile; fileRef = 55FC4E851F889AAE00AE7D35 /* ViewController.swift */; };
		55FC4E891F889AAE00AE7D35 /* Main.storyboard in Resources */ = {isa = PBXBuildFile; fileRef = 55FC4E871F889AAE00AE7D35 /* Main.storyboard */; };
		55FC4E8C1F889AAE00AE7D35 /* OnMyWay.xcdatamodeld in Sources */ = {isa = PBXBuildFile; fileRef = 55FC4E8A1F889AAE00AE7D35 /* OnMyWay.xcdatamodeld */; };
		55FC4E8E1F889AAE00AE7D35 /* Assets.xcassets in Resources */ = {isa = PBXBuildFile; fileRef = 55FC4E8D1F889AAE00AE7D35 /* Assets.xcassets */; };
		55FC4E911F889AAE00AE7D35 /* LaunchScreen.storyboard in Resources */ = {isa = PBXBuildFile; fileRef = 55FC4E8F1F889AAE00AE7D35 /* LaunchScreen.storyboard */; };
		55FC4E991F88A78D00AE7D35 /* OrderViewController.swift in Sources */ = {isa = PBXBuildFile; fileRef = 55FC4E981F88A78D00AE7D35 /* OrderViewController.swift */; };
		55FC4E9D1F88AF9500AE7D35 /* MyOrdersTableViewController.swift in Sources */ = {isa = PBXBuildFile; fileRef = 55FC4E9C1F88AF9500AE7D35 /* MyOrdersTableViewController.swift */; };
		55FC4E9F1F88B27B00AE7D35 /* Order.swift in Sources */ = {isa = PBXBuildFile; fileRef = 55FC4E9E1F88B27B00AE7D35 /* Order.swift */; };
		55FC4EA11F8951C100AE7D35 /* Order.storyboard in Resources */ = {isa = PBXBuildFile; fileRef = 55FC4EA01F8951C100AE7D35 /* Order.storyboard */; };
/* End PBXBuildFile section */

/* Begin PBXFileReference section */
		55FC4E801F889AAD00AE7D35 /* OnMyWay.app */ = {isa = PBXFileReference; explicitFileType = wrapper.application; includeInIndex = 0; path = OnMyWay.app; sourceTree = BUILT_PRODUCTS_DIR; };
		55FC4E831F889AAE00AE7D35 /* AppDelegate.swift */ = {isa = PBXFileReference; lastKnownFileType = sourcecode.swift; path = AppDelegate.swift; sourceTree = "<group>"; };
		55FC4E851F889AAE00AE7D35 /* ViewController.swift */ = {isa = PBXFileReference; lastKnownFileType = sourcecode.swift; path = ViewController.swift; sourceTree = "<group>"; };
		55FC4E881F889AAE00AE7D35 /* Base */ = {isa = PBXFileReference; lastKnownFileType = file.storyboard; name = Base; path = Base.lproj/Main.storyboard; sourceTree = "<group>"; };
		55FC4E8B1F889AAE00AE7D35 /* OnMyWay.xcdatamodel */ = {isa = PBXFileReference; lastKnownFileType = wrapper.xcdatamodel; path = OnMyWay.xcdatamodel; sourceTree = "<group>"; };
		55FC4E8D1F889AAE00AE7D35 /* Assets.xcassets */ = {isa = PBXFileReference; lastKnownFileType = folder.assetcatalog; path = Assets.xcassets; sourceTree = "<group>"; };
		55FC4E901F889AAE00AE7D35 /* Base */ = {isa = PBXFileReference; lastKnownFileType = file.storyboard; name = Base; path = Base.lproj/LaunchScreen.storyboard; sourceTree = "<group>"; };
		55FC4E921F889AAE00AE7D35 /* Info.plist */ = {isa = PBXFileReference; lastKnownFileType = text.plist.xml; path = Info.plist; sourceTree = "<group>"; };
		55FC4E981F88A78D00AE7D35 /* OrderViewController.swift */ = {isa = PBXFileReference; lastKnownFileType = sourcecode.swift; path = OrderViewController.swift; sourceTree = "<group>"; };
		55FC4E9C1F88AF9500AE7D35 /* MyOrdersTableViewController.swift */ = {isa = PBXFileReference; lastKnownFileType = sourcecode.swift; path = MyOrdersTableViewController.swift; sourceTree = "<group>"; };
		55FC4E9E1F88B27B00AE7D35 /* Order.swift */ = {isa = PBXFileReference; lastKnownFileType = sourcecode.swift; path = Order.swift; sourceTree = "<group>"; };
		55FC4EA01F8951C100AE7D35 /* Order.storyboard */ = {isa = PBXFileReference; lastKnownFileType = file.storyboard; path = Order.storyboard; sourceTree = "<group>"; };
/* End PBXFileReference section */

/* Begin PBXFrameworksBuildPhase section */
		55FC4E7D1F889AAD00AE7D35 /* Frameworks */ = {
			isa = PBXFrameworksBuildPhase;
			buildActionMask = 2147483647;
			files = (
			);
			runOnlyForDeploymentPostprocessing = 0;
		};
/* End PBXFrameworksBuildPhase section */

/* Begin PBXGroup section */
		55FC4E771F889AAD00AE7D35 = {
			isa = PBXGroup;
			children = (
				55FC4E821F889AAE00AE7D35 /* OnMyWay */,
				55FC4E811F889AAD00AE7D35 /* Products */,
			);
			sourceTree = "<group>";
		};
		55FC4E811F889AAD00AE7D35 /* Products */ = {
			isa = PBXGroup;
			children = (
				55FC4E801F889AAD00AE7D35 /* OnMyWay.app */,
			);
			name = Products;
			sourceTree = "<group>";
		};
		55FC4E821F889AAE00AE7D35 /* OnMyWay */ = {
			isa = PBXGroup;
			children = (
				55FC4E831F889AAE00AE7D35 /* AppDelegate.swift */,
				55FC4E851F889AAE00AE7D35 /* ViewController.swift */,
				55FC4E871F889AAE00AE7D35 /* Main.storyboard */,
				55FC4EA01F8951C100AE7D35 /* Order.storyboard */,
				55FC4E9C1F88AF9500AE7D35 /* MyOrdersTableViewController.swift */,
				55FC4E9E1F88B27B00AE7D35 /* Order.swift */,
				55FC4E981F88A78D00AE7D35 /* OrderViewController.swift */,
				55FC4E8D1F889AAE00AE7D35 /* Assets.xcassets */,
				55FC4E8F1F889AAE00AE7D35 /* LaunchScreen.storyboard */,
				55FC4E921F889AAE00AE7D35 /* Info.plist */,
				55FC4E8A1F889AAE00AE7D35 /* OnMyWay.xcdatamodeld */,
			);
			path = OnMyWay;
			sourceTree = "<group>";
		};
/* End PBXGroup section */

/* Begin PBXNativeTarget section */
		55FC4E7F1F889AAD00AE7D35 /* OnMyWay */ = {
			isa = PBXNativeTarget;
			buildConfigurationList = 55FC4E951F889AAE00AE7D35 /* Build configuration list for PBXNativeTarget "OnMyWay" */;
			buildPhases = (
				55FC4E7C1F889AAD00AE7D35 /* Sources */,
				55FC4E7D1F889AAD00AE7D35 /* Frameworks */,
				55FC4E7E1F889AAD00AE7D35 /* Resources */,
			);
			buildRules = (
			);
			dependencies = (
			);
			name = OnMyWay;
			productName = OnMyWay;
			productReference = 55FC4E801F889AAD00AE7D35 /* OnMyWay.app */;
			productType = "com.apple.product-type.application";
		};
/* End PBXNativeTarget section */

/* Begin PBXProject section */
		55FC4E781F889AAD00AE7D35 /* Project object */ = {
			isa = PBXProject;
			attributes = {
				LastSwiftUpdateCheck = 0900;
				LastUpgradeCheck = 0900;
				ORGANIZATIONNAME = "Tony Li";
				TargetAttributes = {
					55FC4E7F1F889AAD00AE7D35 = {
						CreatedOnToolsVersion = 9.0;
						ProvisioningStyle = Automatic;
					};
				};
			};
			buildConfigurationList = 55FC4E7B1F889AAD00AE7D35 /* Build configuration list for PBXProject "OnMyWay" */;
			compatibilityVersion = "Xcode 8.0";
			developmentRegion = en;
			hasScannedForEncodings = 0;
			knownRegions = (
				en,
				Base,
			);
			mainGroup = 55FC4E771F889AAD00AE7D35;
			productRefGroup = 55FC4E811F889AAD00AE7D35 /* Products */;
			projectDirPath = "";
			projectRoot = "";
			targets = (
				55FC4E7F1F889AAD00AE7D35 /* OnMyWay */,
			);
		};
/* End PBXProject section */

/* Begin PBXResourcesBuildPhase section */
		55FC4E7E1F889AAD00AE7D35 /* Resources */ = {
			isa = PBXResourcesBuildPhase;
			buildActionMask = 2147483647;
			files = (
				55FC4E911F889AAE00AE7D35 /* LaunchScreen.storyboard in Resources */,
				55FC4E8E1F889AAE00AE7D35 /* Assets.xcassets in Resources */,
				55FC4E891F889AAE00AE7D35 /* Main.storyboard in Resources */,
				55FC4EA11F8951C100AE7D35 /* Order.storyboard in Resources */,
			);
			runOnlyForDeploymentPostprocessing = 0;
		};
/* End PBXResourcesBuildPhase section */

/* Begin PBXSourcesBuildPhase section */
		55FC4E7C1F889AAD00AE7D35 /* Sources */ = {
			isa = PBXSourcesBuildPhase;
			buildActionMask = 2147483647;
			files = (
				55FC4E9F1F88B27B00AE7D35 /* Order.swift in Sources */,
				55FC4E861F889AAE00AE7D35 /* ViewController.swift in Sources */,
				55FC4E841F889AAE00AE7D35 /* AppDelegate.swift in Sources */,
				55FC4E8C1F889AAE00AE7D35 /* OnMyWay.xcdatamodeld in Sources */,
				55FC4E991F88A78D00AE7D35 /* OrderViewController.swift in Sources */,
				55FC4E9D1F88AF9500AE7D35 /* MyOrdersTableViewController.swift in Sources */,
			);
			runOnlyForDeploymentPostprocessing = 0;
		};
/* End PBXSourcesBuildPhase section */

/* Begin PBXVariantGroup section */
		55FC4E871F889AAE00AE7D35 /* Main.storyboard */ = {
			isa = PBXVariantGroup;
			children = (
				55FC4E881F889AAE00AE7D35 /* Base */,
			);
			name = Main.storyboard;
			sourceTree = "<group>";
		};
		55FC4E8F1F889AAE00AE7D35 /* LaunchScreen.storyboard */ = {
			isa = PBXVariantGroup;
			children = (
				55FC4E901F889AAE00AE7D35 /* Base */,
			);
			name = LaunchScreen.storyboard;
			sourceTree = "<group>";
		};
/* End PBXVariantGroup section */

/* Begin XCBuildConfiguration section */
		55FC4E931F889AAE00AE7D35 /* Debug */ = {
			isa = XCBuildConfiguration;
			buildSettings = {
				ALWAYS_SEARCH_USER_PATHS = NO;
				CLANG_ANALYZER_NONNULL = YES;
				CLANG_ANALYZER_NUMBER_OBJECT_CONVERSION = YES_AGGRESSIVE;
				CLANG_CXX_LANGUAGE_STANDARD = "gnu++14";
				CLANG_CXX_LIBRARY = "libc++";
				CLANG_ENABLE_MODULES = YES;
				CLANG_ENABLE_OBJC_ARC = YES;
				CLANG_WARN_BLOCK_CAPTURE_AUTORELEASING = YES;
				CLANG_WARN_BOOL_CONVERSION = YES;
				CLANG_WARN_COMMA = YES;
				CLANG_WARN_CONSTANT_CONVERSION = YES;
				CLANG_WARN_DIRECT_OBJC_ISA_USAGE = YES_ERROR;
				CLANG_WARN_DOCUMENTATION_COMMENTS = YES;
				CLANG_WARN_EMPTY_BODY = YES;
				CLANG_WARN_ENUM_CONVERSION = YES;
				CLANG_WARN_INFINITE_RECURSION = YES;
				CLANG_WARN_INT_CONVERSION = YES;
				CLANG_WARN_NON_LITERAL_NULL_CONVERSION = YES;
				CLANG_WARN_OBJC_LITERAL_CONVERSION = YES;
				CLANG_WARN_OBJC_ROOT_CLASS = YES_ERROR;
				CLANG_WARN_RANGE_LOOP_ANALYSIS = YES;
				CLANG_WARN_STRICT_PROTOTYPES = YES;
				CLANG_WARN_SUSPICIOUS_MOVE = YES;
				CLANG_WARN_UNGUARDED_AVAILABILITY = YES_AGGRESSIVE;
				CLANG_WARN_UNREACHABLE_CODE = YES;
				CLANG_WARN__DUPLICATE_METHOD_MATCH = YES;
				CODE_SIGN_IDENTITY = "iPhone Developer";
				COPY_PHASE_STRIP = NO;
				DEBUG_INFORMATION_FORMAT = dwarf;
				ENABLE_STRICT_OBJC_MSGSEND = YES;
				ENABLE_TESTABILITY = YES;
				GCC_C_LANGUAGE_STANDARD = gnu11;
				GCC_DYNAMIC_NO_PIC = NO;
				GCC_NO_COMMON_BLOCKS = YES;
				GCC_OPTIMIZATION_LEVEL = 0;
				GCC_PREPROCESSOR_DEFINITIONS = (
					"DEBUG=1",
					"$(inherited)",
				);
				GCC_WARN_64_TO_32_BIT_CONVERSION = YES;
				GCC_WARN_ABOUT_RETURN_TYPE = YES_ERROR;
				GCC_WARN_UNDECLARED_SELECTOR = YES;
				GCC_WARN_UNINITIALIZED_AUTOS = YES_AGGRESSIVE;
				GCC_WARN_UNUSED_FUNCTION = YES;
				GCC_WARN_UNUSED_VARIABLE = YES;
				IPHONEOS_DEPLOYMENT_TARGET = 11.0;
				MTL_ENABLE_DEBUG_INFO = YES;
				ONLY_ACTIVE_ARCH = YES;
				SDKROOT = iphoneos;
				SWIFT_ACTIVE_COMPILATION_CONDITIONS = DEBUG;
				SWIFT_OPTIMIZATION_LEVEL = "-Onone";
			};
			name = Debug;
		};
		55FC4E941F889AAE00AE7D35 /* Release */ = {
			isa = XCBuildConfiguration;
			buildSettings = {
				ALWAYS_SEARCH_USER_PATHS = NO;
				CLANG_ANALYZER_NONNULL = YES;
				CLANG_ANALYZER_NUMBER_OBJECT_CONVERSION = YES_AGGRESSIVE;
				CLANG_CXX_LANGUAGE_STANDARD = "gnu++14";
				CLANG_CXX_LIBRARY = "libc++";
				CLANG_ENABLE_MODULES = YES;
				CLANG_ENABLE_OBJC_ARC = YES;
				CLANG_WARN_BLOCK_CAPTURE_AUTORELEASING = YES;
				CLANG_WARN_BOOL_CONVERSION = YES;
				CLANG_WARN_COMMA = YES;
				CLANG_WARN_CONSTANT_CONVERSION = YES;
				CLANG_WARN_DIRECT_OBJC_ISA_USAGE = YES_ERROR;
				CLANG_WARN_DOCUMENTATION_COMMENTS = YES;
				CLANG_WARN_EMPTY_BODY = YES;
				CLANG_WARN_ENUM_CONVERSION = YES;
				CLANG_WARN_INFINITE_RECURSION = YES;
				CLANG_WARN_INT_CONVERSION = YES;
				CLANG_WARN_NON_LITERAL_NULL_CONVERSION = YES;
				CLANG_WARN_OBJC_LITERAL_CONVERSION = YES;
				CLANG_WARN_OBJC_ROOT_CLASS = YES_ERROR;
				CLANG_WARN_RANGE_LOOP_ANALYSIS = YES;
				CLANG_WARN_STRICT_PROTOTYPES = YES;
				CLANG_WARN_SUSPICIOUS_MOVE = YES;
				CLANG_WARN_UNGUARDED_AVAILABILITY = YES_AGGRESSIVE;
				CLANG_WARN_UNREACHABLE_CODE = YES;
				CLANG_WARN__DUPLICATE_METHOD_MATCH = YES;
				CODE_SIGN_IDENTITY = "iPhone Developer";
				COPY_PHASE_STRIP = NO;
				DEBUG_INFORMATION_FORMAT = "dwarf-with-dsym";
				ENABLE_NS_ASSERTIONS = NO;
				ENABLE_STRICT_OBJC_MSGSEND = YES;
				GCC_C_LANGUAGE_STANDARD = gnu11;
				GCC_NO_COMMON_BLOCKS = YES;
				GCC_WARN_64_TO_32_BIT_CONVERSION = YES;
				GCC_WARN_ABOUT_RETURN_TYPE = YES_ERROR;
				GCC_WARN_UNDECLARED_SELECTOR = YES;
				GCC_WARN_UNINITIALIZED_AUTOS = YES_AGGRESSIVE;
				GCC_WARN_UNUSED_FUNCTION = YES;
				GCC_WARN_UNUSED_VARIABLE = YES;
				IPHONEOS_DEPLOYMENT_TARGET = 11.0;
				MTL_ENABLE_DEBUG_INFO = NO;
				SDKROOT = iphoneos;
				SWIFT_OPTIMIZATION_LEVEL = "-Owholemodule";
				VALIDATE_PRODUCT = YES;
			};
			name = Release;
		};
		55FC4E961F889AAE00AE7D35 /* Debug */ = {
			isa = XCBuildConfiguration;
			buildSettings = {
				ASSETCATALOG_COMPILER_APPICON_NAME = AppIcon;
				CODE_SIGN_STYLE = Automatic;
				DEVELOPMENT_TEAM = 3HW277PH2D;
				INFOPLIST_FILE = OnMyWay/Info.plist;
				IPHONEOS_DEPLOYMENT_TARGET = 10.2;
				LD_RUNPATH_SEARCH_PATHS = "$(inherited) @executable_path/Frameworks";
				PRODUCT_BUNDLE_IDENTIFIER = TonyLi.OnMyWay;
				PRODUCT_NAME = "$(TARGET_NAME)";
				SWIFT_VERSION = 4.0;
				TARGETED_DEVICE_FAMILY = "1,2";
			};
			name = Debug;
		};
		55FC4E971F889AAE00AE7D35 /* Release */ = {
			isa = XCBuildConfiguration;
			buildSettings = {
				ASSETCATALOG_COMPILER_APPICON_NAME = AppIcon;
				CODE_SIGN_STYLE = Automatic;
				DEVELOPMENT_TEAM = 3HW277PH2D;
				INFOPLIST_FILE = OnMyWay/Info.plist;
				IPHONEOS_DEPLOYMENT_TARGET = 10.2;
				LD_RUNPATH_SEARCH_PATHS = "$(inherited) @executable_path/Frameworks";
				PRODUCT_BUNDLE_IDENTIFIER = TonyLi.OnMyWay;
				PRODUCT_NAME = "$(TARGET_NAME)";
				SWIFT_VERSION = 4.0;
				TARGETED_DEVICE_FAMILY = "1,2";
			};
			name = Release;
		};
/* End XCBuildConfiguration section */

/* Begin XCConfigurationList section */
		55FC4E7B1F889AAD00AE7D35 /* Build configuration list for PBXProject "OnMyWay" */ = {
			isa = XCConfigurationList;
			buildConfigurations = (
				55FC4E931F889AAE00AE7D35 /* Debug */,
				55FC4E941F889AAE00AE7D35 /* Release */,
			);
			defaultConfigurationIsVisible = 0;
			defaultConfigurationName = Release;
		};
		55FC4E951F889AAE00AE7D35 /* Build configuration list for PBXNativeTarget "OnMyWay" */ = {
			isa = XCConfigurationList;
			buildConfigurations = (
				55FC4E961F889AAE00AE7D35 /* Debug */,
				55FC4E971F889AAE00AE7D35 /* Release */,
			);
			defaultConfigurationIsVisible = 0;
			defaultConfigurationName = Release;
		};
/* End XCConfigurationList section */

/* Begin XCVersionGroup section */
		55FC4E8A1F889AAE00AE7D35 /* OnMyWay.xcdatamodeld */ = {
			isa = XCVersionGroup;
			children = (
				55FC4E8B1F889AAE00AE7D35 /* OnMyWay.xcdatamodel */,
			);
			currentVersion = 55FC4E8B1F889AAE00AE7D35 /* OnMyWay.xcdatamodel */;
			path = OnMyWay.xcdatamodeld;
			sourceTree = "<group>";
			versionGroupType = wrapper.xcdatamodel;
		};
/* End XCVersionGroup section */
	};
	rootObject = 55FC4E781F889AAD00AE7D35 /* Project object */;
}
